Microsoft Visual Studio Solution File, Format Version 12.00
# Visual Studio Version 17
VisualStudioVersion = 17.5.2.0
MinimumVisualStudioVersion = 10.0.40219.1
Project("{FAE04EC0-301F-11D3-BF4B-00C04F79EFBC}") = "OnClickInvest.Api", "OnClickInvest.Api.csproj", "{F05EFFA9-B907-B9AF-2245-3FB0C7840C22}"
EndProject
Global
	GlobalSection(SolutionConfigurationPlatforms) = preSolution
		Debug|Any CPU = Debug|Any CPU
		Release|Any CPU = Release|Any CPU
	EndGlobalSection
	GlobalSection(ProjectConfigurationPlatforms) = postSolution
		{F05EFFA9-B907-B9AF-2245-3FB0C7840C22}.Debug|Any CPU.ActiveCfg = Debug|Any CPU
		{F05EFFA9-B907-B9AF-2245-3FB0C7840C22}.Debug|Any CPU.Build.0 = Debug|Any CPU
		{F05EFFA9-B907-B9AF-2245-3FB0C7840C22}.Release|Any CPU.ActiveCfg = Release|Any CPU
		{F05EFFA9-B907-B9AF-2245-3FB0C7840C22}.Release|Any CPU.Build.0 = Release|Any CPU
	EndGlobalSection
	GlobalSection(SolutionProperties) = preSolution
		HideSolutionNode = FALSE
	EndGlobalSection
	GlobalSection(ExtensibilityGlobals) = postSolution
		SolutionGuid = {E3B01BBA-E075-473F-B71B-9D3C85C1BB02}
	EndGlobalSection
EndGlobal
